// !$*UTF8*$!
{
	archiveVersion = 1;
	classes = {
	};
	objectVersion = 46;
	objects = {

/* Begin PBXBuildFile section */
		1867E1B31C8E52CC005804ED /* Assets.xcassets in Resources */ = {isa = PBXBuildFile; fileRef = 1867E1B21C8E52CC005804ED /* Assets.xcassets */; };
		1867E26F1C8E99DA005804ED /* AppDelegate.m in Sources */ = {isa = PBXBuildFile; fileRef = 1867E2671C8E99DA005804ED /* AppDelegate.m */; };
		1867E2701C8E99DA005804ED /* main.m in Sources */ = {isa = PBXBuildFile; fileRef = 1867E26A1C8E99DA005804ED /* main.m */; };
		1867E2781C8E9AC8005804ED /* UIBarButtonItem+LZExtension.m in Sources */ = {isa = PBXBuildFile; fileRef = 1867E2731C8E9AC8005804ED /* UIBarButtonItem+LZExtension.m */; };
		1867E2791C8E9AC8005804ED /* UIImage+image.m in Sources */ = {isa = PBXBuildFile; fileRef = 1867E2751C8E9AC8005804ED /* UIImage+image.m */; };
		1867E27A1C8E9AC8005804ED /* UIView+LZExtension.m in Sources */ = {isa = PBXBuildFile; fileRef = 1867E2771C8E9AC8005804ED /* UIView+LZExtension.m */; };
/* End PBXBuildFile section */

/* Begin PBXFileReference section */
		1867E1A31C8E52CB005804ED /* Z了个L支付宝.app */ = {isa = PBXFileReference; explicitFileType = wrapper.application; includeInIndex = 0; path = "Z了个L支付宝.app"; sourceTree = BUILT_PRODUCTS_DIR; };
		1867E1B21C8E52CC005804ED /* Assets.xcassets */ = {isa = PBXFileReference; lastKnownFileType = folder.assetcatalog; name = Assets.xcassets; path = ../Assets.xcassets; sourceTree = "<group>"; };
		1867E1B71C8E52CC005804ED /* Info.plist */ = {isa = PBXFileReference; lastKnownFileType = text.plist.xml; path = Info.plist; sourceTree = "<group>"; };
		1867E2661C8E99DA005804ED /* AppDelegate.h */ = {isa = PBXFileReference; fileEncoding = 4; lastKnownFileType = sourcecode.c.h; path = AppDelegate.h; sourceTree = "<group>"; };
		1867E2671C8E99DA005804ED /* AppDelegate.m */ = {isa = PBXFileReference; fileEncoding = 4; lastKnownFileType = sourcecode.c.objc; path = AppDelegate.m; sourceTree = "<group>"; };
		1867E26A1C8E99DA005804ED /* main.m */ = {isa = PBXFileReference; fileEncoding = 4; lastKnownFileType = sourcecode.c.objc; path = main.m; sourceTree = "<group>"; };
		1867E2711C8E9A4E005804ED /* Z了个L支付宝.pch */ = {isa = PBXFileReference; lastKnownFileType = sourcecode.c.h; name = "Z了个L支付宝.pch"; path = "Classes/Z了个L支付宝.pch"; sourceTree = "<group>"; };
		1867E2721C8E9AC8005804ED /* UIBarButtonItem+LZExtension.h */ = {isa = PBXFileReference; fileEncoding = 4; lastKnownFileType = sourcecode.c.h; path = "UIBarButtonItem+LZExtension.h"; sourceTree = "<group>"; };
		1867E2731C8E9AC8005804ED /* UIBarButtonItem+LZExtension.m */ = {isa = PBXFileReference; fileEncoding = 4; lastKnownFileType = sourcecode.c.objc; path = "UIBarButtonItem+LZExtension.m"; sourceTree = "<group>"; };
		1867E2741C8E9AC8005804ED /* UIImage+image.h */ = {isa = PBXFileReference; fileEncoding = 4; lastKnownFileType = sourcecode.c.h; path = "UIImage+image.h"; sourceTree = "<group>"; };
		1867E2751C8E9AC8005804ED /* UIImage+image.m */ = {isa = PBXFileReference; fileEncoding = 4; lastKnownFileType = sourcecode.c.objc; path = "UIImage+image.m"; sourceTree = "<group>"; };
		1867E2761C8E9AC8005804ED /* UIView+LZExtension.h */ = {isa = PBXFileReference; fileEncoding = 4; lastKnownFileType = sourcecode.c.h; path = "UIView+LZExtension.h"; sourceTree = "<group>"; };
		1867E2771C8E9AC8005804ED /* UIView+LZExtension.m */ = {isa = PBXFileReference; fileEncoding = 4; lastKnownFileType = sourcecode.c.objc; path = "UIView+LZExtension.m"; sourceTree = "<group>"; };
/* End PBXFileReference section */

/* Begin PBXFrameworksBuildPhase section */
		1867E1A01C8E52CB005804ED /* Frameworks */ = {
			isa = PBXFrameworksBuildPhase;
			buildActionMask = 2147483647;
			files = (
			);
			runOnlyForDeploymentPostprocessing = 0;
		};
/* End PBXFrameworksBuildPhase section */

/* Begin PBXGroup section */
		1867E19A1C8E52CB005804ED = {
			isa = PBXGroup;
			children = (
				1867E1A51C8E52CB005804ED /* Z了个L支付宝 */,
				1867E1A41C8E52CB005804ED /* Products */,
			);
			sourceTree = "<group>";
		};
		1867E1A41C8E52CB005804ED /* Products */ = {
			isa = PBXGroup;
			children = (
				1867E1A31C8E52CB005804ED /* Z了个L支付宝.app */,
			);
			name = Products;
			sourceTree = "<group>";
		};
		1867E1A51C8E52CB005804ED /* Z了个L支付宝 */ = {
			isa = PBXGroup;
			children = (
				1867E2541C8E99DA005804ED /* Classes */,
				1867E1A61C8E52CB005804ED /* Supporting Files */,
			);
			path = "Z了个L支付宝";
			sourceTree = "<group>";
		};
		1867E1A61C8E52CB005804ED /* Supporting Files */ = {
			isa = PBXGroup;
			children = (
				1867E1B71C8E52CC005804ED /* Info.plist */,
				1867E2711C8E9A4E005804ED /* Z了个L支付宝.pch */,
			);
			name = "Supporting Files";
			sourceTree = "<group>";
		};
		1867E2541C8E99DA005804ED /* Classes */ = {
			isa = PBXGroup;
			children = (
				1867E2551C8E99DA005804ED /* Assets(财富) */,
				1867E2591C8E99DA005804ED /* Discover(发现) */,
				1867E25D1C8E99DA005804ED /* Home(首页) */,
				1867E2611C8E99DA005804ED /* Main */,
				1867E26B1C8E99DA005804ED /* Service(服务窗) */,
				1867E2651C8E99DA005804ED /* Others */,
				1867E1B21C8E52CC005804ED /* Assets.xcassets */,
			);
			path = Classes;
			sourceTree = "<group>";
		};
		1867E2551C8E99DA005804ED /* Assets(财富) */ = {
			isa = PBXGroup;
			children = (
				1867E2561C8E99DA005804ED /* Controller */,
				1867E2571C8E99DA005804ED /* Model */,
				1867E2581C8E99DA005804ED /* View */,
			);
			path = "Assets(财富)";
			sourceTree = "<group>";
		};
		1867E2561C8E99DA005804ED /* Controller */ = {
			isa = PBXGroup;
			children = (
			);
			path = Controller;
			sourceTree = "<group>";
		};
		1867E2571C8E99DA005804ED /* Model */ = {
			isa = PBXGroup;
			children = (
			);
			path = Model;
			sourceTree = "<group>";
		};
		1867E2581C8E99DA005804ED /* View */ = {
			isa = PBXGroup;
			children = (
			);
			path = View;
			sourceTree = "<group>";
		};
		1867E2591C8E99DA005804ED /* Discover(发现) */ = {
			isa = PBXGroup;
			children = (
				1867E25A1C8E99DA005804ED /* Controller */,
				1867E25B1C8E99DA005804ED /* Model */,
				1867E25C1C8E99DA005804ED /* View */,
			);
			path = "Discover(发现)";
			sourceTree = "<group>";
		};
		1867E25A1C8E99DA005804ED /* Controller */ = {
			isa = PBXGroup;
			children = (
			);
			path = Controller;
			sourceTree = "<group>";
		};
		1867E25B1C8E99DA005804ED /* Model */ = {
			isa = PBXGroup;
			children = (
			);
			path = Model;
			sourceTree = "<group>";
		};
		1867E25C1C8E99DA005804ED /* View */ = {
			isa = PBXGroup;
			children = (
			);
			path = View;
			sourceTree = "<group>";
		};
		1867E25D1C8E99DA005804ED /* Home(首页) */ = {
			isa = PBXGroup;
			children = (
				1867E25E1C8E99DA005804ED /* Controller */,
				1867E25F1C8E99DA005804ED /* Model */,
				1867E2601C8E99DA005804ED /* View */,
			);
			path = "Home(首页)";
			sourceTree = "<group>";
		};
		1867E25E1C8E99DA005804ED /* Controller */ = {
			isa = PBXGroup;
			children = (
			);
			path = Controller;
			sourceTree = "<group>";
		};
		1867E25F1C8E99DA005804ED /* Model */ = {
			isa = PBXGroup;
			children = (
			);
			path = Model;
			sourceTree = "<group>";
		};
		1867E2601C8E99DA005804ED /* View */ = {
			isa = PBXGroup;
			children = (
			);
			path = View;
			sourceTree = "<group>";
		};
		1867E2611C8E99DA005804ED /* Main */ = {
			isa = PBXGroup;
			children = (
				1867E2621C8E99DA005804ED /* Controller */,
				1867E2631C8E99DA005804ED /* Model */,
				1867E2641C8E99DA005804ED /* View */,
			);
			path = Main;
			sourceTree = "<group>";
		};
		1867E2621C8E99DA005804ED /* Controller */ = {
			isa = PBXGroup;
			children = (
			);
			path = Controller;
			sourceTree = "<group>";
		};
		1867E2631C8E99DA005804ED /* Model */ = {
			isa = PBXGroup;
			children = (
			);
			path = Model;
			sourceTree = "<group>";
		};
		1867E2641C8E99DA005804ED /* View */ = {
			isa = PBXGroup;
			children = (
			);
			path = View;
			sourceTree = "<group>";
		};
		1867E2651C8E99DA005804ED /* Others */ = {
			isa = PBXGroup;
			children = (
				1867E2661C8E99DA005804ED /* AppDelegate.h */,
				1867E2671C8E99DA005804ED /* AppDelegate.m */,
				1867E2681C8E99DA005804ED /* Category */,
				1867E2691C8E99DA005804ED /* Lib */,
				1867E26A1C8E99DA005804ED /* main.m */,
			);
			path = Others;
			sourceTree = "<group>";
		};
		1867E2681C8E99DA005804ED /* Category */ = {
			isa = PBXGroup;
			children = (
				1867E2721C8E9AC8005804ED /* UIBarButtonItem+LZExtension.h */,
				1867E2731C8E9AC8005804ED /* UIBarButtonItem+LZExtension.m */,
				1867E2741C8E9AC8005804ED /* UIImage+image.h */,
				1867E2751C8E9AC8005804ED /* UIImage+image.m */,
				1867E2761C8E9AC8005804ED /* UIView+LZExtension.h */,
				1867E2771C8E9AC8005804ED /* UIView+LZExtension.m */,
			);
			path = Category;
			sourceTree = "<group>";
		};
		1867E2691C8E99DA005804ED /* Lib */ = {
			isa = PBXGroup;
			children = (
			);
			path = Lib;
			sourceTree = "<group>";
		};
		1867E26B1C8E99DA005804ED /* Service(服务窗) */ = {
			isa = PBXGroup;
			children = (
				1867E26C1C8E99DA005804ED /* Controller */,
				1867E26D1C8E99DA005804ED /* Model */,
				1867E26E1C8E99DA005804ED /* View */,
			);
			path = "Service(服务窗)";
			sourceTree = "<group>";
		};
		1867E26C1C8E99DA005804ED /* Controller */ = {
			isa = PBXGroup;
			children = (
			);
			path = Controller;
			sourceTree = "<group>";
		};
		1867E26D1C8E99DA005804ED /* Model */ = {
			isa = PBXGroup;
			children = (
			);
			path = Model;
			sourceTree = "<group>";
		};
		1867E26E1C8E99DA005804ED /* View */ = {
			isa = PBXGroup;
			children = (
			);
			path = View;
			sourceTree = "<group>";
		};
/* End PBXGroup section */

/* Begin PBXNativeTarget section */
		1867E1A21C8E52CB005804ED /* Z了个L支付宝 */ = {
			isa = PBXNativeTarget;
			buildConfigurationList = 1867E1BA1C8E52CC005804ED /* Build configuration list for PBXNativeTarget "Z了个L支付宝" */;
			buildPhases = (
				1867E19F1C8E52CB005804ED /* Sources */,
				1867E1A01C8E52CB005804ED /* Frameworks */,
				1867E1A11C8E52CB005804ED /* Resources */,
			);
			buildRules = (
			);
			dependencies = (
			);
			name = "Z了个L支付宝";
			productName = "Z了个L支付宝";
			productReference = 1867E1A31C8E52CB005804ED /* Z了个L支付宝.app */;
			productType = "com.apple.product-type.application";
		};
/* End PBXNativeTarget section */

/* Begin PBXProject section */
		1867E19B1C8E52CB005804ED /* Project object */ = {
			isa = PBXProject;
			attributes = {
				CLASSPREFIX = LZ;
				LastUpgradeCheck = 0720;
				ORGANIZATIONNAME = m14a.cn;
				TargetAttributes = {
					1867E1A21C8E52CB005804ED = {
						CreatedOnToolsVersion = 7.2;
					};
				};
			};
			buildConfigurationList = 1867E19E1C8E52CB005804ED /* Build configuration list for PBXProject "Z了个L支付宝" */;
			compatibilityVersion = "Xcode 3.2";
			developmentRegion = English;
			hasScannedForEncodings = 0;
			knownRegions = (
				en,
				Base,
			);
			mainGroup = 1867E19A1C8E52CB005804ED;
			productRefGroup = 1867E1A41C8E52CB005804ED /* Products */;
			projectDirPath = "";
			projectRoot = "";
			targets = (
				1867E1A21C8E52CB005804ED /* Z了个L支付宝 */,
			);
		};
/* End PBXProject section */

/* Begin PBXResourcesBuildPhase section */
		1867E1A11C8E52CB005804ED /* Resources */ = {
			isa = PBXResourcesBuildPhase;
			buildActionMask = 2147483647;
			files = (
				1867E1B31C8E52CC005804ED /* Assets.xcassets in Resources */,
			);
			runOnlyForDeploymentPostprocessing = 0;
		};
/* End PBXResourcesBuildPhase section */

/* Begin PBXSourcesBuildPhase section */
		1867E19F1C8E52CB005804ED /* Sources */ = {
			isa = PBXSourcesBuildPhase;
			buildActionMask = 2147483647;
			files = (
				1867E27A1C8E9AC8005804ED /* UIView+LZExtension.m in Sources */,
				1867E2781C8E9AC8005804ED /* UIBarButtonItem+LZExtension.m in Sources */,
				1867E2791C8E9AC8005804ED /* UIImage+image.m in Sources */,
				1867E2701C8E99DA005804ED /* main.m in Sources */,
				1867E26F1C8E99DA005804ED /* AppDelegate.m in Sources */,
			);
			runOnlyForDeploymentPostprocessing = 0;
		};
/* End PBXSourcesBuildPhase section */

/* Begin XCBuildConfiguration section */
		1867E1B81C8E52CC005804ED /* Debug */ = {
			isa = XCBuildConfiguration;
			buildSettings = {
				ALWAYS_SEARCH_USER_PATHS = NO;
				CLANG_CXX_LANGUAGE_STANDARD = "gnu++0x";
				CLANG_CXX_LIBRARY = "libc++";
				CLANG_ENABLE_MODULES = YES;
				CLANG_ENABLE_OBJC_ARC = YES;
				CLANG_WARN_BOOL_CONVERSION = YES;
				CLANG_WARN_CONSTANT_CONVERSION = YES;
				CLANG_WARN_DIRECT_OBJC_ISA_USAGE = YES_ERROR;
				CLANG_WARN_EMPTY_BODY = YES;
				CLANG_WARN_ENUM_CONVERSION = YES;
				CLANG_WARN_INT_CONVERSION = YES;
				CLANG_WARN_OBJC_ROOT_CLASS = YES_ERROR;
				CLANG_WARN_UNREACHABLE_CODE = YES;
				CLANG_WARN__DUPLICATE_METHOD_MATCH = YES;
				"CODE_SIGN_IDENTITY[sdk=iphoneos*]" = "iPhone Developer";
				COPY_PHASE_STRIP = NO;
				DEBUG_INFORMATION_FORMAT = dwarf;
				ENABLE_STRICT_OBJC_MSGSEND = YES;
				ENABLE_TESTABILITY = YES;
				GCC_C_LANGUAGE_STANDARD = gnu99;
				GCC_DYNAMIC_NO_PIC = NO;
				GCC_NO_COMMON_BLOCKS = YES;
				GCC_OPTIMIZATION_LEVEL = 0;
				GCC_PREPROCESSOR_DEFINITIONS = (
					"DEBUG=1",
					"$(inherited)",
				);
				GCC_WARN_64_TO_32_BIT_CONVERSION = YES;
				GCC_WARN_ABOUT_RETURN_TYPE = YES_ERROR;
				GCC_WARN_UNDECLARED_SELECTOR = YES;
				GCC_WARN_UNINITIALIZED_AUTOS = YES_AGGRESSIVE;
				GCC_WARN_UNUSED_FUNCTION = YES;
				GCC_WARN_UNUSED_VARIABLE = YES;
				IPHONEOS_DEPLOYMENT_TARGET = 9.2;
				MTL_ENABLE_DEBUG_INFO = YES;
				ONLY_ACTIVE_ARCH = YES;
				SDKROOT = iphoneos;
			};
			name = Debug;
		};
		1867E1B91C8E52CC005804ED /* Release */ = {
			isa = XCBuildConfiguration;
			buildSettings = {
				ALWAYS_SEARCH_USER_PATHS = NO;
				CLANG_CXX_LANGUAGE_STANDARD = "gnu++0x";
				CLANG_CXX_LIBRARY = "libc++";
				CLANG_ENABLE_MODULES = YES;
				CLANG_ENABLE_OBJC_ARC = YES;
				CLANG_WARN_BOOL_CONVERSION = YES;
				CLANG_WARN_CONSTANT_CONVERSION = YES;
				CLANG_WARN_DIRECT_OBJC_ISA_USAGE = YES_ERROR;
				CLANG_WARN_EMPTY_BODY = YES;
				CLANG_WARN_ENUM_CONVERSION = YES;
				CLANG_WARN_INT_CONVERSION = YES;
				CLANG_WARN_OBJC_ROOT_CLASS = YES_ERROR;
				CLANG_WARN_UNREACHABLE_CODE = YES;
				CLANG_WARN__DUPLICATE_METHOD_MATCH = YES;
				"CODE_SIGN_IDENTITY[sdk=iphoneos*]" = "iPhone Developer";
				COPY_PHASE_STRIP = NO;
				DEBUG_INFORMATION_FORMAT = "dwarf-with-dsym";
				ENABLE_NS_ASSERTIONS = NO;
				ENABLE_STRICT_OBJC_MSGSEND = YES;
				GCC_C_LANGUAGE_STANDARD = gnu99;
				GCC_NO_COMMON_BLOCKS = YES;
				GCC_WARN_64_TO_32_BIT_CONVERSION = YES;
				GCC_WARN_ABOUT_RETURN_TYPE = YES_ERROR;
				GCC_WARN_UNDECLARED_SELECTOR = YES;
				GCC_WARN_UNINITIALIZED_AUTOS = YES_AGGRESSIVE;
				GCC_WARN_UNUSED_FUNCTION = YES;
				GCC_WARN_UNUSED_VARIABLE = YES;
				IPHONEOS_DEPLOYMENT_TARGET = 9.2;
				MTL_ENABLE_DEBUG_INFO = NO;
				SDKROOT = iphoneos;
				VALIDATE_PRODUCT = YES;
			};
			name = Release;
		};
		1867E1BB1C8E52CC005804ED /* Debug */ = {
			isa = XCBuildConfiguration;
			buildSettings = {
				ASSETCATALOG_COMPILER_APPICON_NAME = AppIcon;
				ASSETCATALOG_COMPILER_LAUNCHIMAGE_NAME = "Brand Assets";
				INFOPLIST_FILE = "Z了个L支付宝/Info.plist";
				LD_RUNPATH_SEARCH_PATHS = "$(inherited) @executable_path/Frameworks";
				PRODUCT_BUNDLE_IDENTIFIER = "m14a.cn.Z--L---";
				PRODUCT_NAME = "$(TARGET_NAME)";
			};
			name = Debug;
		};
		1867E1BC1C8E52CC005804ED /* Release */ = {
			isa = XCBuildConfiguration;
			buildSettings = {
				ASSETCATALOG_COMPILER_APPICON_NAME = AppIcon;
				ASSETCATALOG_COMPILER_LAUNCHIMAGE_NAME = "Brand Assets";
				INFOPLIST_FILE = "Z了个L支付宝/Info.plist";
				LD_RUNPATH_SEARCH_PATHS = "$(inherited) @executable_path/Frameworks";
				PRODUCT_BUNDLE_IDENTIFIER = "m14a.cn.Z--L---";
				PRODUCT_NAME = "$(TARGET_NAME)";
			};
			name = Release;
		};
/* End XCBuildConfiguration section */

/* Begin XCConfigurationList section */
		1867E19E1C8E52CB005804ED /* Build configuration list for PBXProject "Z了个L支付宝" */ = {
			isa = XCConfigurationList;
			buildConfigurations = (
				1867E1B81C8E52CC005804ED /* Debug */,
				1867E1B91C8E52CC005804ED /* Release */,
			);
			defaultConfigurationIsVisible = 0;
			defaultConfigurationName = Release;
		};
		1867E1BA1C8E52CC005804ED /* Build configuration list for PBXNativeTarget "Z了个L支付宝" */ = {
			isa = XCConfigurationList;
			buildConfigurations = (
				1867E1BB1C8E52CC005804ED /* Debug */,
				1867E1BC1C8E52CC005804ED /* Release */,
			);
			defaultConfigurationIsVisible = 0;
			defaultConfigurationName = Release;
		};
/* End XCConfigurationList section */
	};
	rootObject = 1867E19B1C8E52CB005804ED /* Project object */;
}
